{
    "name": "@rejetto/kvstorage",
    "version": "0.11.0",
    "lockfileVersion": 3,
    "requires": true,
    "packages": {
        "": {
            "name": "@rejetto/kvstorage",
            "version": "0.11.0",
            "license": "MIT",
            "devDependencies": {
                "@tsconfig/node16": "^16.1.3",
                "@types/node": "^16.18.97"
            }
        },
        "node_modules/@tsconfig/node16": {
            "version": "16.1.3",
            "resolved": "https://registry.npmjs.org/@tsconfig/node16/-/node16-16.1.3.tgz",
            "integrity": "sha512-9nTOUBn+EMKO6rtSZJk+DcqsfgtlERGT9XPJ5PRj/HNENPCBY1yu/JEj5wT6GLtbCLBO2k46SeXDaY0pjMqypw==",
            "dev": true
        },
        "node_modules/@types/node": {
            "version": "16.18.97",
            "resolved": "https://registry.npmjs.org/@types/node/-/node-16.18.97.tgz",
            "integrity": "sha512-4muilE1Lbfn57unR+/nT9AFjWk0MtWi5muwCEJqnOvfRQDbSfLCUdN7vCIg8TYuaANfhLOV85ve+FNpiUsbSRg==",
            "dev": true
        }
    }
}
