{
    "name": "@rejetto/kvstorage",
    "version": "0.4.1",
    "lockfileVersion": 3,
    "requires": true,
    "packages": {
        "": {
            "name": "@rejetto/kvstorage",
            "version": "0.4.1",
            "devDependencies": {
                "@tsconfig/node18": "^18.2.4",
                "@types/node": "^16.18.97"
            },
            "peerDependencies": {
                "typescript": ">=4.9.0"
            }
        },
        "node_modules/@tsconfig/node18": {
            "version": "18.2.4",
            "resolved": "https://registry.npmjs.org/@tsconfig/node18/-/node18-18.2.4.tgz",
            "integrity": "sha512-5xxU8vVs9/FNcvm3gE07fPbn9tl6tqGGWA9tSlwsUEkBxtRnTsNmwrV8gasZ9F/EobaSv9+nu8AxUKccw77JpQ==",
            "dev": true
        },
        "node_modules/@types/node": {
            "version": "16.18.97",
            "resolved": "https://registry.npmjs.org/@types/node/-/node-16.18.97.tgz",
            "integrity": "sha512-4muilE1Lbfn57unR+/nT9AFjWk0MtWi5muwCEJqnOvfRQDbSfLCUdN7vCIg8TYuaANfhLOV85ve+FNpiUsbSRg==",
            "dev": true
        },
        "node_modules/typescript": {
            "version": "5.4.5",
            "resolved": "https://registry.npmjs.org/typescript/-/typescript-5.4.5.tgz",
            "integrity": "sha512-vcI4UpRgg81oIRUFwR0WSIHKt11nJ7SAVlYNIu+QpqeyXP+gpQJy/Z4+F0aGxSE4MqwjyXvW/TzgkLAx2AGHwQ==",
            "peer": true,
            "bin": {
                "tsc": "bin/tsc",
                "tsserver": "bin/tsserver"
            },
            "engines": {
                "node": ">=14.17"
            }
        }
    }
}
